
Microsoft Visual Studio Solution File, Format Version 12.00
# Visual Studio Version 16
VisualStudioVersion = 16.0.36631.11
MinimumVisualStudioVersion = 10.0.40219.1
Project("{9A19103F-16F7-4668-BE54-9A1E7A4F7556}") = "FutebolNacional", "FutebolNacional\FutebolNacional.csproj", "{44ACF28F-0F37-4F3D-A300-E5F59709E95E}"
EndProject
Global
	GlobalSection(SolutionConfigurationPlatforms) = preSolution
		Debug|Any CPU = Debug|Any CPU
		Release|Any CPU = Release|Any CPU
	EndGlobalSection
	GlobalSection(ProjectConfigurationPlatforms) = postSolution
		{44ACF28F-0F37-4F3D-A300-E5F59709E95E}.Debug|Any CPU.ActiveCfg = Debug|Any CPU
		{44ACF28F-0F37-4F3D-A300-E5F59709E95E}.Debug|Any CPU.Build.0 = Debug|Any CPU
		{44ACF28F-0F37-4F3D-A300-E5F59709E95E}.Release|Any CPU.ActiveCfg = Release|Any CPU
		{44ACF28F-0F37-4F3D-A300-E5F59709E95E}.Release|Any CPU.Build.0 = Release|Any CPU
	EndGlobalSection
	GlobalSection(SolutionProperties) = preSolution
		HideSolutionNode = FALSE
	EndGlobalSection
	GlobalSection(ExtensibilityGlobals) = postSolution
		SolutionGuid = {23CB5733-6A8D-43EE-978C-2262A79EB675}
	EndGlobalSection
EndGlobal
